
Microsoft Visual Studio Solution File, Format Version 12.00
# Visual Studio Version 16
VisualStudioVersion = 16.0.31424.327
MinimumVisualStudioVersion = 10.0.40219.1
Project("{FAE04EC0-301F-11D3-BF4B-00C04F79EFBC}") = "build", "build\build.csproj", "{7BCB9543-493E-4718-BBF2-D75A9EE2C067}"
EndProject
Global
	GlobalSection(SolutionConfigurationPlatforms) = preSolution
		Debug|Any CPU = Debug|Any CPU
		Release|Any CPU = Release|Any CPU
	EndGlobalSection
	GlobalSection(ProjectConfigurationPlatforms) = postSolution
		{7BCB9543-493E-4718-BBF2-D75A9EE2C067}.Debug|Any CPU.ActiveCfg = Debug|Any CPU
		{7BCB9543-493E-4718-BBF2-D75A9EE2C067}.Debug|Any CPU.Build.0 = Debug|Any CPU
		{7BCB9543-493E-4718-BBF2-D75A9EE2C067}.Release|Any CPU.ActiveCfg = Release|Any CPU
		{7BCB9543-493E-4718-BBF2-D75A9EE2C067}.Release|Any CPU.Build.0 = Release|Any CPU
	EndGlobalSection
	GlobalSection(SolutionProperties) = preSolution
		HideSolutionNode = FALSE
	EndGlobalSection
	GlobalSection(ExtensibilityGlobals) = postSolution
		SolutionGuid = {78F3E428-3EFA-4E88-9696-797EBAA9269A}
	EndGlobalSection
EndGlobal
